
Microsoft Visual Studio Solution File, Format Version 11.00
# Visual Studio 2010
Project("{8BC9CEB8-8B4A-11D0-8D11-00A0C91BC942}") = "gtest", "gtest.vcxproj", "{9A1A62FA-EBDF-A44F-89BB-318DFAFD7179}"
EndProject
Project("{8BC9CEB8-8B4A-11D0-8D11-00A0C91BC942}") = "test_bullet_collision", "test_bullet_collision.vcxproj", "{214E2E1F-540C-8F4B-B79A-03A7FDED0CD4}"
	ProjectSection(ProjectDependencies) = postProject
		{0770948E-17F8-6045-AD0B-C3F15506C7F6} = {0770948E-17F8-6045-AD0B-C3F15506C7F6}
		{9A1A62FA-EBDF-A44F-89BB-318DFAFD7179} = {9A1A62FA-EBDF-A44F-89BB-318DFAFD7179}
	EndProjectSection
EndProject
Project("{8BC9CEB8-8B4A-11D0-8D11-00A0C91BC942}") = "Test_OpenCL_Bullet3", "Test_OpenCL_Bullet3.vcxproj", "{E2A095FB-7CEE-5A46-A976-B9E888B54826}"
	ProjectSection(ProjectDependencies) = postProject
		{9A1A62FA-EBDF-A44F-89BB-318DFAFD7179} = {9A1A62FA-EBDF-A44F-89BB-318DFAFD7179}
		{FE0F9496-8E8D-B243-B1AE-A4592780E5BB} = {FE0F9496-8E8D-B243-B1AE-A4592780E5BB}
		{D0F71638-CDD6-364E-82BF-0CDF42471A3A} = {D0F71638-CDD6-364E-82BF-0CDF42471A3A}
	EndProjectSection
EndProject
Project("{8BC9CEB8-8B4A-11D0-8D11-00A0C91BC942}") = "App_AllBullet2Demos", "App_AllBullet2Demos.vcxproj", "{4BAA5FF2-B3CC-1F49-A4A5-B976D0E56FF4}"
	ProjectSection(ProjectDependencies) = postProject
		{5DFDBFC2-F73B-3145-82B7-C34A89BF06D3} = {5DFDBFC2-F73B-3145-82B7-C34A89BF06D3}
		{6A23975E-71C4-9244-98FF-F5FFCFC802C1} = {6A23975E-71C4-9244-98FF-F5FFCFC802C1}
		{6BEF00E1-0AB9-EB4E-9D95-569FE29DAF16} = {6BEF00E1-0AB9-EB4E-9D95-569FE29DAF16}
		{1B55350E-FC4C-D141-8ED3-107BF4000EE1} = {1B55350E-FC4C-D141-8ED3-107BF4000EE1}
		{9AD58CE8-99F7-4D46-BCB4-D260D1784E08} = {9AD58CE8-99F7-4D46-BCB4-D260D1784E08}
		{0770948E-17F8-6045-AD0B-C3F15506C7F6} = {0770948E-17F8-6045-AD0B-C3F15506C7F6}
		{D0F71638-CDD6-364E-82BF-0CDF42471A3A} = {D0F71638-CDD6-364E-82BF-0CDF42471A3A}
		{8EB9EA5B-4D60-8741-AD71-A2047DD9BCE6} = {8EB9EA5B-4D60-8741-AD71-A2047DD9BCE6}
	EndProjectSection
EndProject
Project("{8BC9CEB8-8B4A-11D0-8D11-00A0C91BC942}") = "App_Bullet3_OpenCL_Demos_clew", "App_Bullet3_OpenCL_Demos_clew.vcxproj", "{B2F2102D-B607-0240-B347-A5878BC2FB59}"
	ProjectSection(ProjectDependencies) = postProject
		{5DFDBFC2-F73B-3145-82B7-C34A89BF06D3} = {5DFDBFC2-F73B-3145-82B7-C34A89BF06D3}
		{6A23975E-71C4-9244-98FF-F5FFCFC802C1} = {6A23975E-71C4-9244-98FF-F5FFCFC802C1}
		{5BF2BC4D-1538-4949-B21C-E8209C2936A6} = {5BF2BC4D-1538-4949-B21C-E8209C2936A6}
		{FE0F9496-8E8D-B243-B1AE-A4592780E5BB} = {FE0F9496-8E8D-B243-B1AE-A4592780E5BB}
		{669DC876-526C-9C4B-9430-98DDF426CFE0} = {669DC876-526C-9C4B-9430-98DDF426CFE0}
		{68BE9881-2517-0441-8083-83D119ECD457} = {68BE9881-2517-0441-8083-83D119ECD457}
		{07060466-32A8-3B44-82EA-6F5379124BA1} = {07060466-32A8-3B44-82EA-6F5379124BA1}
		{D0F71638-CDD6-364E-82BF-0CDF42471A3A} = {D0F71638-CDD6-364E-82BF-0CDF42471A3A}
	EndProjectSection
EndProject
Project("{8BC9CEB8-8B4A-11D0-8D11-00A0C91BC942}") = "App_BasicDemoConsole", "App_BasicDemoConsole.vcxproj", "{F92B70D2-CBC6-7C40-87A8-773B9BBE5172}"
	ProjectSection(ProjectDependencies) = postProject
		{1B55350E-FC4C-D141-8ED3-107BF4000EE1} = {1B55350E-FC4C-D141-8ED3-107BF4000EE1}
		{9AD58CE8-99F7-4D46-BCB4-D260D1784E08} = {9AD58CE8-99F7-4D46-BCB4-D260D1784E08}
		{0770948E-17F8-6045-AD0B-C3F15506C7F6} = {0770948E-17F8-6045-AD0B-C3F15506C7F6}
	EndProjectSection
EndProject
Project("{8BC9CEB8-8B4A-11D0-8D11-00A0C91BC942}") = "App_BasicDemoCustomOpenGL2", "App_BasicDemoCustomOpenGL2.vcxproj", "{34721D8E-7E36-3D41-BB8E-C885E369D8E9}"
	ProjectSection(ProjectDependencies) = postProject
		{6BEF00E1-0AB9-EB4E-9D95-569FE29DAF16} = {6BEF00E1-0AB9-EB4E-9D95-569FE29DAF16}
		{1B55350E-FC4C-D141-8ED3-107BF4000EE1} = {1B55350E-FC4C-D141-8ED3-107BF4000EE1}
		{9AD58CE8-99F7-4D46-BCB4-D260D1784E08} = {9AD58CE8-99F7-4D46-BCB4-D260D1784E08}
		{0770948E-17F8-6045-AD0B-C3F15506C7F6} = {0770948E-17F8-6045-AD0B-C3F15506C7F6}
	EndProjectSection
EndProject
Project("{8BC9CEB8-8B4A-11D0-8D11-00A0C91BC942}") = "OpenGL_Window", "OpenGL_Window.vcxproj", "{6BEF00E1-0AB9-EB4E-9D95-569FE29DAF16}"
EndProject
Project("{8BC9CEB8-8B4A-11D0-8D11-00A0C91BC942}") = "Bullet3AppSupport", "Bullet3AppSupport.vcxproj", "{5DFDBFC2-F73B-3145-82B7-C34A89BF06D3}"
EndProject
Project("{8BC9CEB8-8B4A-11D0-8D11-00A0C91BC942}") = "App_SimpleOpenGL3", "App_SimpleOpenGL3.vcxproj", "{4FFE02C2-229C-924C-80A4-87BFB9B2F6BE}"
	ProjectSection(ProjectDependencies) = postProject
		{6BEF00E1-0AB9-EB4E-9D95-569FE29DAF16} = {6BEF00E1-0AB9-EB4E-9D95-569FE29DAF16}
		{D0F71638-CDD6-364E-82BF-0CDF42471A3A} = {D0F71638-CDD6-364E-82BF-0CDF42471A3A}
	EndProjectSection
EndProject
Project("{8BC9CEB8-8B4A-11D0-8D11-00A0C91BC942}") = "urdf_test", "urdf_test.vcxproj", "{8B588332-9B69-0D49-812B-7772AC09C1E2}"
EndProject
Project("{8BC9CEB8-8B4A-11D0-8D11-00A0C91BC942}") = "lua-5.2.3", "lua-5.2.3.vcxproj", "{8EB9EA5B-4D60-8741-AD71-A2047DD9BCE6}"
EndProject
Project("{8BC9CEB8-8B4A-11D0-8D11-00A0C91BC942}") = "App_LuaCompiler", "App_LuaCompiler.vcxproj", "{F689939F-4732-8046-B050-96748E9DD173}"
	ProjectSection(ProjectDependencies) = postProject
		{8EB9EA5B-4D60-8741-AD71-A2047DD9BCE6} = {8EB9EA5B-4D60-8741-AD71-A2047DD9BCE6}
	EndProjectSection
EndProject
Project("{8BC9CEB8-8B4A-11D0-8D11-00A0C91BC942}") = "App_LuaStandalone", "App_LuaStandalone.vcxproj", "{93E7B545-74A8-C045-9DEC-AFD09826DC69}"
	ProjectSection(ProjectDependencies) = postProject
		{8EB9EA5B-4D60-8741-AD71-A2047DD9BCE6} = {8EB9EA5B-4D60-8741-AD71-A2047DD9BCE6}
	EndProjectSection
EndProject
Project("{8BC9CEB8-8B4A-11D0-8D11-00A0C91BC942}") = "Test_Lua", "Test_Lua.vcxproj", "{34903789-93D2-494B-9527-C128BEACDB91}"
	ProjectSection(ProjectDependencies) = postProject
		{8EB9EA5B-4D60-8741-AD71-A2047DD9BCE6} = {8EB9EA5B-4D60-8741-AD71-A2047DD9BCE6}
	EndProjectSection
EndProject
Project("{8BC9CEB8-8B4A-11D0-8D11-00A0C91BC942}") = "gwen", "gwen.vcxproj", "{6A23975E-71C4-9244-98FF-F5FFCFC802C1}"
EndProject
Project("{8BC9CEB8-8B4A-11D0-8D11-00A0C91BC942}") = "Test_Gwen_OpenGL", "Test_Gwen_OpenGL.vcxproj", "{B9F1C46F-5E65-5D43-8AB5-DEE5A0DCEF2C}"
	ProjectSection(ProjectDependencies) = postProject
		{6A23975E-71C4-9244-98FF-F5FFCFC802C1} = {6A23975E-71C4-9244-98FF-F5FFCFC802C1}
	EndProjectSection
EndProject
Project("{8BC9CEB8-8B4A-11D0-8D11-00A0C91BC942}") = "Test_OpenCL_kernel_launch_clew", "Test_OpenCL_kernel_launch_clew.vcxproj", "{FA507E3F-9D77-8A49-8D63-283468CBAA08}"
EndProject
Project("{8BC9CEB8-8B4A-11D0-8D11-00A0C91BC942}") = "Test_OpenCL_Primitives_clew", "Test_OpenCL_Primitives_clew.vcxproj", "{528ECA74-A26A-A24A-8C03-FF3BBC230330}"
EndProject
Project("{8BC9CEB8-8B4A-11D0-8D11-00A0C91BC942}") = "Test_OpenCL_RadixSortBenchmark_clew", "Test_OpenCL_RadixSortBenchmark_clew.vcxproj", "{976BA1E2-0137-3A4A-99A5-CE5265D52073}"
EndProject
Project("{8BC9CEB8-8B4A-11D0-8D11-00A0C91BC942}") = "BulletSoftBody", "BulletSoftBody.vcxproj", "{B06DE456-8C51-8441-82FD-136FB0EF861C}"
EndProject
Project("{8BC9CEB8-8B4A-11D0-8D11-00A0C91BC942}") = "BulletDynamics", "BulletDynamics.vcxproj", "{1B55350E-FC4C-D141-8ED3-107BF4000EE1}"
EndProject
Project("{8BC9CEB8-8B4A-11D0-8D11-00A0C91BC942}") = "BulletCollision", "BulletCollision.vcxproj", "{9AD58CE8-99F7-4D46-BCB4-D260D1784E08}"
EndProject
Project("{8BC9CEB8-8B4A-11D0-8D11-00A0C91BC942}") = "LinearMath", "LinearMath.vcxproj", "{0770948E-17F8-6045-AD0B-C3F15506C7F6}"
EndProject
Project("{8BC9CEB8-8B4A-11D0-8D11-00A0C91BC942}") = "Bullet3Dynamics", "Bullet3Dynamics.vcxproj", "{669DC876-526C-9C4B-9430-98DDF426CFE0}"
EndProject
Project("{8BC9CEB8-8B4A-11D0-8D11-00A0C91BC942}") = "Bullet3Common", "Bullet3Common.vcxproj", "{D0F71638-CDD6-364E-82BF-0CDF42471A3A}"
EndProject
Project("{8BC9CEB8-8B4A-11D0-8D11-00A0C91BC942}") = "Bullet3Geometry", "Bullet3Geometry.vcxproj", "{07060466-32A8-3B44-82EA-6F5379124BA1}"
EndProject
Project("{8BC9CEB8-8B4A-11D0-8D11-00A0C91BC942}") = "Bullet3Collision", "Bullet3Collision.vcxproj", "{68BE9881-2517-0441-8083-83D119ECD457}"
EndProject
Project("{8BC9CEB8-8B4A-11D0-8D11-00A0C91BC942}") = "Bullet2FileLoader", "Bullet2FileLoader.vcxproj", "{5BF2BC4D-1538-4949-B21C-E8209C2936A6}"
EndProject
Project("{8BC9CEB8-8B4A-11D0-8D11-00A0C91BC942}") = "Bullet3OpenCL_clew", "Bullet3OpenCL_clew.vcxproj", "{FE0F9496-8E8D-B243-B1AE-A4592780E5BB}"
EndProject
Global
	GlobalSection(SolutionConfigurationPlatforms) = preSolution
		Release|Win32 = Release|Win32
		Release|x64 = Release|x64
		Debug|Win32 = Debug|Win32
		Debug|x64 = Debug|x64
	EndGlobalSection
	GlobalSection(ProjectConfigurationPlatforms) = postSolution
		{9A1A62FA-EBDF-A44F-89BB-318DFAFD7179}.Release|Win32.ActiveCfg = Release|Win32
		{9A1A62FA-EBDF-A44F-89BB-318DFAFD7179}.Release|Win32.Build.0 = Release|Win32
		{9A1A62FA-EBDF-A44F-89BB-318DFAFD7179}.Release|x64.ActiveCfg = Release|x64
		{9A1A62FA-EBDF-A44F-89BB-318DFAFD7179}.Release|x64.Build.0 = Release|x64
		{9A1A62FA-EBDF-A44F-89BB-318DFAFD7179}.Debug|Win32.ActiveCfg = Debug|Win32
		{9A1A62FA-EBDF-A44F-89BB-318DFAFD7179}.Debug|Win32.Build.0 = Debug|Win32
		{9A1A62FA-EBDF-A44F-89BB-318DFAFD7179}.Debug|x64.ActiveCfg = Debug|x64
		{9A1A62FA-EBDF-A44F-89BB-318DFAFD7179}.Debug|x64.Build.0 = Debug|x64
		{214E2E1F-540C-8F4B-B79A-03A7FDED0CD4}.Release|Win32.ActiveCfg = Release|Win32
		{214E2E1F-540C-8F4B-B79A-03A7FDED0CD4}.Release|Win32.Build.0 = Release|Win32
		{214E2E1F-540C-8F4B-B79A-03A7FDED0CD4}.Release|x64.ActiveCfg = Release|x64
		{214E2E1F-540C-8F4B-B79A-03A7FDED0CD4}.Release|x64.Build.0 = Release|x64
		{214E2E1F-540C-8F4B-B79A-03A7FDED0CD4}.Debug|Win32.ActiveCfg = Debug|Win32
		{214E2E1F-540C-8F4B-B79A-03A7FDED0CD4}.Debug|Win32.Build.0 = Debug|Win32
		{214E2E1F-540C-8F4B-B79A-03A7FDED0CD4}.Debug|x64.ActiveCfg = Debug|x64
		{214E2E1F-540C-8F4B-B79A-03A7FDED0CD4}.Debug|x64.Build.0 = Debug|x64
		{E2A095FB-7CEE-5A46-A976-B9E888B54826}.Release|Win32.ActiveCfg = Release|Win32
		{E2A095FB-7CEE-5A46-A976-B9E888B54826}.Release|Win32.Build.0 = Release|Win32
		{E2A095FB-7CEE-5A46-A976-B9E888B54826}.Release|x64.ActiveCfg = Release|x64
		{E2A095FB-7CEE-5A46-A976-B9E888B54826}.Release|x64.Build.0 = Release|x64
		{E2A095FB-7CEE-5A46-A976-B9E888B54826}.Debug|Win32.ActiveCfg = Debug|Win32
		{E2A095FB-7CEE-5A46-A976-B9E888B54826}.Debug|Win32.Build.0 = Debug|Win32
		{E2A095FB-7CEE-5A46-A976-B9E888B54826}.Debug|x64.ActiveCfg = Debug|x64
		{E2A095FB-7CEE-5A46-A976-B9E888B54826}.Debug|x64.Build.0 = Debug|x64
		{4BAA5FF2-B3CC-1F49-A4A5-B976D0E56FF4}.Release|Win32.ActiveCfg = Release|Win32
		{4BAA5FF2-B3CC-1F49-A4A5-B976D0E56FF4}.Release|Win32.Build.0 = Release|Win32
		{4BAA5FF2-B3CC-1F49-A4A5-B976D0E56FF4}.Release|x64.ActiveCfg = Release|x64
		{4BAA5FF2-B3CC-1F49-A4A5-B976D0E56FF4}.Release|x64.Build.0 = Release|x64
		{4BAA5FF2-B3CC-1F49-A4A5-B976D0E56FF4}.Debug|Win32.ActiveCfg = Debug|Win32
		{4BAA5FF2-B3CC-1F49-A4A5-B976D0E56FF4}.Debug|Win32.Build.0 = Debug|Win32
		{4BAA5FF2-B3CC-1F49-A4A5-B976D0E56FF4}.Debug|x64.ActiveCfg = Debug|x64
		{4BAA5FF2-B3CC-1F49-A4A5-B976D0E56FF4}.Debug|x64.Build.0 = Debug|x64
		{B2F2102D-B607-0240-B347-A5878BC2FB59}.Release|Win32.ActiveCfg = Release|Win32
		{B2F2102D-B607-0240-B347-A5878BC2FB59}.Release|Win32.Build.0 = Release|Win32
		{B2F2102D-B607-0240-B347-A5878BC2FB59}.Release|x64.ActiveCfg = Release|x64
		{B2F2102D-B607-0240-B347-A5878BC2FB59}.Release|x64.Build.0 = Release|x64
		{B2F2102D-B607-0240-B347-A5878BC2FB59}.Debug|Win32.ActiveCfg = Debug|Win32
		{B2F2102D-B607-0240-B347-A5878BC2FB59}.Debug|Win32.Build.0 = Debug|Win32
		{B2F2102D-B607-0240-B347-A5878BC2FB59}.Debug|x64.ActiveCfg = Debug|x64
		{B2F2102D-B607-0240-B347-A5878BC2FB59}.Debug|x64.Build.0 = Debug|x64
		{F92B70D2-CBC6-7C40-87A8-773B9BBE5172}.Release|Win32.ActiveCfg = Release|Win32
		{F92B70D2-CBC6-7C40-87A8-773B9BBE5172}.Release|Win32.Build.0 = Release|Win32
		{F92B70D2-CBC6-7C40-87A8-773B9BBE5172}.Release|x64.ActiveCfg = Release|x64
		{F92B70D2-CBC6-7C40-87A8-773B9BBE5172}.Release|x64.Build.0 = Release|x64
		{F92B70D2-CBC6-7C40-87A8-773B9BBE5172}.Debug|Win32.ActiveCfg = Debug|Win32
		{F92B70D2-CBC6-7C40-87A8-773B9BBE5172}.Debug|Win32.Build.0 = Debug|Win32
		{F92B70D2-CBC6-7C40-87A8-773B9BBE5172}.Debug|x64.ActiveCfg = Debug|x64
		{F92B70D2-CBC6-7C40-87A8-773B9BBE5172}.Debug|x64.Build.0 = Debug|x64
		{34721D8E-7E36-3D41-BB8E-C885E369D8E9}.Release|Win32.ActiveCfg = Release|Win32
		{34721D8E-7E36-3D41-BB8E-C885E369D8E9}.Release|Win32.Build.0 = Release|Win32
		{34721D8E-7E36-3D41-BB8E-C885E369D8E9}.Release|x64.ActiveCfg = Release|x64
		{34721D8E-7E36-3D41-BB8E-C885E369D8E9}.Release|x64.Build.0 = Release|x64
		{34721D8E-7E36-3D41-BB8E-C885E369D8E9}.Debug|Win32.ActiveCfg = Debug|Win32
		{34721D8E-7E36-3D41-BB8E-C885E369D8E9}.Debug|Win32.Build.0 = Debug|Win32
		{34721D8E-7E36-3D41-BB8E-C885E369D8E9}.Debug|x64.ActiveCfg = Debug|x64
		{34721D8E-7E36-3D41-BB8E-C885E369D8E9}.Debug|x64.Build.0 = Debug|x64
		{6BEF00E1-0AB9-EB4E-9D95-569FE29DAF16}.Release|Win32.ActiveCfg = Release|Win32
		{6BEF00E1-0AB9-EB4E-9D95-569FE29DAF16}.Release|Win32.Build.0 = Release|Win32
		{6BEF00E1-0AB9-EB4E-9D95-569FE29DAF16}.Release|x64.ActiveCfg = Release|x64
		{6BEF00E1-0AB9-EB4E-9D95-569FE29DAF16}.Release|x64.Build.0 = Release|x64
		{6BEF00E1-0AB9-EB4E-9D95-569FE29DAF16}.Debug|Win32.ActiveCfg = Debug|Win32
		{6BEF00E1-0AB9-EB4E-9D95-569FE29DAF16}.Debug|Win32.Build.0 = Debug|Win32
		{6BEF00E1-0AB9-EB4E-9D95-569FE29DAF16}.Debug|x64.ActiveCfg = Debug|x64
		{6BEF00E1-0AB9-EB4E-9D95-569FE29DAF16}.Debug|x64.Build.0 = Debug|x64
		{5DFDBFC2-F73B-3145-82B7-C34A89BF06D3}.Release|Win32.ActiveCfg = Release|Win32
		{5DFDBFC2-F73B-3145-82B7-C34A89BF06D3}.Release|Win32.Build.0 = Release|Win32
		{5DFDBFC2-F73B-3145-82B7-C34A89BF06D3}.Release|x64.ActiveCfg = Release|x64
		{5DFDBFC2-F73B-3145-82B7-C34A89BF06D3}.Release|x64.Build.0 = Release|x64
		{5DFDBFC2-F73B-3145-82B7-C34A89BF06D3}.Debug|Win32.ActiveCfg = Debug|Win32
		{5DFDBFC2-F73B-3145-82B7-C34A89BF06D3}.Debug|Win32.Build.0 = Debug|Win32
		{5DFDBFC2-F73B-3145-82B7-C34A89BF06D3}.Debug|x64.ActiveCfg = Debug|x64
		{5DFDBFC2-F73B-3145-82B7-C34A89BF06D3}.Debug|x64.Build.0 = Debug|x64
		{4FFE02C2-229C-924C-80A4-87BFB9B2F6BE}.Release|Win32.ActiveCfg = Release|Win32
		{4FFE02C2-229C-924C-80A4-87BFB9B2F6BE}.Release|Win32.Build.0 = Release|Win32
		{4FFE02C2-229C-924C-80A4-87BFB9B2F6BE}.Release|x64.ActiveCfg = Release|x64
		{4FFE02C2-229C-924C-80A4-87BFB9B2F6BE}.Release|x64.Build.0 = Release|x64
		{4FFE02C2-229C-924C-80A4-87BFB9B2F6BE}.Debug|Win32.ActiveCfg = Debug|Win32
		{4FFE02C2-229C-924C-80A4-87BFB9B2F6BE}.Debug|Win32.Build.0 = Debug|Win32
		{4FFE02C2-229C-924C-80A4-87BFB9B2F6BE}.Debug|x64.ActiveCfg = Debug|x64
		{4FFE02C2-229C-924C-80A4-87BFB9B2F6BE}.Debug|x64.Build.0 = Debug|x64
		{8B588332-9B69-0D49-812B-7772AC09C1E2}.Release|Win32.ActiveCfg = Release|Win32
		{8B588332-9B69-0D49-812B-7772AC09C1E2}.Release|Win32.Build.0 = Release|Win32
		{8B588332-9B69-0D49-812B-7772AC09C1E2}.Release|x64.ActiveCfg = Release|x64
		{8B588332-9B69-0D49-812B-7772AC09C1E2}.Release|x64.Build.0 = Release|x64
		{8B588332-9B69-0D49-812B-7772AC09C1E2}.Debug|Win32.ActiveCfg = Debug|Win32
		{8B588332-9B69-0D49-812B-7772AC09C1E2}.Debug|Win32.Build.0 = Debug|Win32
		{8B588332-9B69-0D49-812B-7772AC09C1E2}.Debug|x64.ActiveCfg = Debug|x64
		{8B588332-9B69-0D49-812B-7772AC09C1E2}.Debug|x64.Build.0 = Debug|x64
		{8EB9EA5B-4D60-8741-AD71-A2047DD9BCE6}.Release|Win32.ActiveCfg = Release|Win32
		{8EB9EA5B-4D60-8741-AD71-A2047DD9BCE6}.Release|Win32.Build.0 = Release|Win32
		{8EB9EA5B-4D60-8741-AD71-A2047DD9BCE6}.Release|x64.ActiveCfg = Release|x64
		{8EB9EA5B-4D60-8741-AD71-A2047DD9BCE6}.Release|x64.Build.0 = Release|x64
		{8EB9EA5B-4D60-8741-AD71-A2047DD9BCE6}.Debug|Win32.ActiveCfg = Debug|Win32
		{8EB9EA5B-4D60-8741-AD71-A2047DD9BCE6}.Debug|Win32.Build.0 = Debug|Win32
		{8EB9EA5B-4D60-8741-AD71-A2047DD9BCE6}.Debug|x64.ActiveCfg = Debug|x64
		{8EB9EA5B-4D60-8741-AD71-A2047DD9BCE6}.Debug|x64.Build.0 = Debug|x64
		{F689939F-4732-8046-B050-96748E9DD173}.Release|Win32.ActiveCfg = Release|Win32
		{F689939F-4732-8046-B050-96748E9DD173}.Release|Win32.Build.0 = Release|Win32
		{F689939F-4732-8046-B050-96748E9DD173}.Release|x64.ActiveCfg = Release|x64
		{F689939F-4732-8046-B050-96748E9DD173}.Release|x64.Build.0 = Release|x64
		{F689939F-4732-8046-B050-96748E9DD173}.Debug|Win32.ActiveCfg = Debug|Win32
		{F689939F-4732-8046-B050-96748E9DD173}.Debug|Win32.Build.0 = Debug|Win32
		{F689939F-4732-8046-B050-96748E9DD173}.Debug|x64.ActiveCfg = Debug|x64
		{F689939F-4732-8046-B050-96748E9DD173}.Debug|x64.Build.0 = Debug|x64
		{93E7B545-74A8-C045-9DEC-AFD09826DC69}.Release|Win32.ActiveCfg = Release|Win32
		{93E7B545-74A8-C045-9DEC-AFD09826DC69}.Release|Win32.Build.0 = Release|Win32
		{93E7B545-74A8-C045-9DEC-AFD09826DC69}.Release|x64.ActiveCfg = Release|x64
		{93E7B545-74A8-C045-9DEC-AFD09826DC69}.Release|x64.Build.0 = Release|x64
		{93E7B545-74A8-C045-9DEC-AFD09826DC69}.Debug|Win32.ActiveCfg = Debug|Win32
		{93E7B545-74A8-C045-9DEC-AFD09826DC69}.Debug|Win32.Build.0 = Debug|Win32
		{93E7B545-74A8-C045-9DEC-AFD09826DC69}.Debug|x64.ActiveCfg = Debug|x64
		{93E7B545-74A8-C045-9DEC-AFD09826DC69}.Debug|x64.Build.0 = Debug|x64
		{34903789-93D2-494B-9527-C128BEACDB91}.Release|Win32.ActiveCfg = Release|Win32
		{34903789-93D2-494B-9527-C128BEACDB91}.Release|Win32.Build.0 = Release|Win32
		{34903789-93D2-494B-9527-C128BEACDB91}.Release|x64.ActiveCfg = Release|x64
		{34903789-93D2-494B-9527-C128BEACDB91}.Release|x64.Build.0 = Release|x64
		{34903789-93D2-494B-9527-C128BEACDB91}.Debug|Win32.ActiveCfg = Debug|Win32
		{34903789-93D2-494B-9527-C128BEACDB91}.Debug|Win32.Build.0 = Debug|Win32
		{34903789-93D2-494B-9527-C128BEACDB91}.Debug|x64.ActiveCfg = Debug|x64
		{34903789-93D2-494B-9527-C128BEACDB91}.Debug|x64.Build.0 = Debug|x64
		{6A23975E-71C4-9244-98FF-F5FFCFC802C1}.Release|Win32.ActiveCfg = Release|Win32
		{6A23975E-71C4-9244-98FF-F5FFCFC802C1}.Release|Win32.Build.0 = Release|Win32
		{6A23975E-71C4-9244-98FF-F5FFCFC802C1}.Release|x64.ActiveCfg = Release|x64
		{6A23975E-71C4-9244-98FF-F5FFCFC802C1}.Release|x64.Build.0 = Release|x64
		{6A23975E-71C4-9244-98FF-F5FFCFC802C1}.Debug|Win32.ActiveCfg = Debug|Win32
		{6A23975E-71C4-9244-98FF-F5FFCFC802C1}.Debug|Win32.Build.0 = Debug|Win32
		{6A23975E-71C4-9244-98FF-F5FFCFC802C1}.Debug|x64.ActiveCfg = Debug|x64
		{6A23975E-71C4-9244-98FF-F5FFCFC802C1}.Debug|x64.Build.0 = Debug|x64
		{B9F1C46F-5E65-5D43-8AB5-DEE5A0DCEF2C}.Release|Win32.ActiveCfg = Release|Win32
		{B9F1C46F-5E65-5D43-8AB5-DEE5A0DCEF2C}.Release|Win32.Build.0 = Release|Win32
		{B9F1C46F-5E65-5D43-8AB5-DEE5A0DCEF2C}.Release|x64.ActiveCfg = Release|x64
		{B9F1C46F-5E65-5D43-8AB5-DEE5A0DCEF2C}.Release|x64.Build.0 = Release|x64
		{B9F1C46F-5E65-5D43-8AB5-DEE5A0DCEF2C}.Debug|Win32.ActiveCfg = Debug|Win32
		{B9F1C46F-5E65-5D43-8AB5-DEE5A0DCEF2C}.Debug|Win32.Build.0 = Debug|Win32
		{B9F1C46F-5E65-5D43-8AB5-DEE5A0DCEF2C}.Debug|x64.ActiveCfg = Debug|x64
		{B9F1C46F-5E65-5D43-8AB5-DEE5A0DCEF2C}.Debug|x64.Build.0 = Debug|x64
		{FA507E3F-9D77-8A49-8D63-283468CBAA08}.Release|Win32.ActiveCfg = Release|Win32
		{FA507E3F-9D77-8A49-8D63-283468CBAA08}.Release|Win32.Build.0 = Release|Win32
		{FA507E3F-9D77-8A49-8D63-283468CBAA08}.Release|x64.ActiveCfg = Release|x64
		{FA507E3F-9D77-8A49-8D63-283468CBAA08}.Release|x64.Build.0 = Release|x64
		{FA507E3F-9D77-8A49-8D63-283468CBAA08}.Debug|Win32.ActiveCfg = Debug|Win32
		{FA507E3F-9D77-8A49-8D63-283468CBAA08}.Debug|Win32.Build.0 = Debug|Win32
		{FA507E3F-9D77-8A49-8D63-283468CBAA08}.Debug|x64.ActiveCfg = Debug|x64
		{FA507E3F-9D77-8A49-8D63-283468CBAA08}.Debug|x64.Build.0 = Debug|x64
		{528ECA74-A26A-A24A-8C03-FF3BBC230330}.Release|Win32.ActiveCfg = Release|Win32
		{528ECA74-A26A-A24A-8C03-FF3BBC230330}.Release|Win32.Build.0 = Release|Win32
		{528ECA74-A26A-A24A-8C03-FF3BBC230330}.Release|x64.ActiveCfg = Release|x64
		{528ECA74-A26A-A24A-8C03-FF3BBC230330}.Release|x64.Build.0 = Release|x64
		{528ECA74-A26A-A24A-8C03-FF3BBC230330}.Debug|Win32.ActiveCfg = Debug|Win32
		{528ECA74-A26A-A24A-8C03-FF3BBC230330}.Debug|Win32.Build.0 = Debug|Win32
		{528ECA74-A26A-A24A-8C03-FF3BBC230330}.Debug|x64.ActiveCfg = Debug|x64
		{528ECA74-A26A-A24A-8C03-FF3BBC230330}.Debug|x64.Build.0 = Debug|x64
		{976BA1E2-0137-3A4A-99A5-CE5265D52073}.Release|Win32.ActiveCfg = Release|Win32
		{976BA1E2-0137-3A4A-99A5-CE5265D52073}.Release|Win32.Build.0 = Release|Win32
		{976BA1E2-0137-3A4A-99A5-CE5265D52073}.Release|x64.ActiveCfg = Release|x64
		{976BA1E2-0137-3A4A-99A5-CE5265D52073}.Release|x64.Build.0 = Release|x64
		{976BA1E2-0137-3A4A-99A5-CE5265D52073}.Debug|Win32.ActiveCfg = Debug|Win32
		{976BA1E2-0137-3A4A-99A5-CE5265D52073}.Debug|Win32.Build.0 = Debug|Win32
		{976BA1E2-0137-3A4A-99A5-CE5265D52073}.Debug|x64.ActiveCfg = Debug|x64
		{976BA1E2-0137-3A4A-99A5-CE5265D52073}.Debug|x64.Build.0 = Debug|x64
		{B06DE456-8C51-8441-82FD-136FB0EF861C}.Release|Win32.ActiveCfg = Release|Win32
		{B06DE456-8C51-8441-82FD-136FB0EF861C}.Release|Win32.Build.0 = Release|Win32
		{B06DE456-8C51-8441-82FD-136FB0EF861C}.Release|x64.ActiveCfg = Release|x64
		{B06DE456-8C51-8441-82FD-136FB0EF861C}.Release|x64.Build.0 = Release|x64
		{B06DE456-8C51-8441-82FD-136FB0EF861C}.Debug|Win32.ActiveCfg = Debug|Win32
		{B06DE456-8C51-8441-82FD-136FB0EF861C}.Debug|Win32.Build.0 = Debug|Win32
		{B06DE456-8C51-8441-82FD-136FB0EF861C}.Debug|x64.ActiveCfg = Debug|x64
		{B06DE456-8C51-8441-82FD-136FB0EF861C}.Debug|x64.Build.0 = Debug|x64
		{1B55350E-FC4C-D141-8ED3-107BF4000EE1}.Release|Win32.ActiveCfg = Release|Win32
		{1B55350E-FC4C-D141-8ED3-107BF4000EE1}.Release|Win32.Build.0 = Release|Win32
		{1B55350E-FC4C-D141-8ED3-107BF4000EE1}.Release|x64.ActiveCfg = Release|x64
		{1B55350E-FC4C-D141-8ED3-107BF4000EE1}.Release|x64.Build.0 = Release|x64
		{1B55350E-FC4C-D141-8ED3-107BF4000EE1}.Debug|Win32.ActiveCfg = Debug|Win32
		{1B55350E-FC4C-D141-8ED3-107BF4000EE1}.Debug|Win32.Build.0 = Debug|Win32
		{1B55350E-FC4C-D141-8ED3-107BF4000EE1}.Debug|x64.ActiveCfg = Debug|x64
		{1B55350E-FC4C-D141-8ED3-107BF4000EE1}.Debug|x64.Build.0 = Debug|x64
		{9AD58CE8-99F7-4D46-BCB4-D260D1784E08}.Release|Win32.ActiveCfg = Release|Win32
		{9AD58CE8-99F7-4D46-BCB4-D260D1784E08}.Release|Win32.Build.0 = Release|Win32
		{9AD58CE8-99F7-4D46-BCB4-D260D1784E08}.Release|x64.ActiveCfg = Release|x64
		{9AD58CE8-99F7-4D46-BCB4-D260D1784E08}.Release|x64.Build.0 = Release|x64
		{9AD58CE8-99F7-4D46-BCB4-D260D1784E08}.Debug|Win32.ActiveCfg = Debug|Win32
		{9AD58CE8-99F7-4D46-BCB4-D260D1784E08}.Debug|Win32.Build.0 = Debug|Win32
		{9AD58CE8-99F7-4D46-BCB4-D260D1784E08}.Debug|x64.ActiveCfg = Debug|x64
		{9AD58CE8-99F7-4D46-BCB4-D260D1784E08}.Debug|x64.Build.0 = Debug|x64
		{0770948E-17F8-6045-AD0B-C3F15506C7F6}.Release|Win32.ActiveCfg = Release|Win32
		{0770948E-17F8-6045-AD0B-C3F15506C7F6}.Release|Win32.Build.0 = Release|Win32
		{0770948E-17F8-6045-AD0B-C3F15506C7F6}.Release|x64.ActiveCfg = Release|x64
		{0770948E-17F8-6045-AD0B-C3F15506C7F6}.Release|x64.Build.0 = Release|x64
		{0770948E-17F8-6045-AD0B-C3F15506C7F6}.Debug|Win32.ActiveCfg = Debug|Win32
		{0770948E-17F8-6045-AD0B-C3F15506C7F6}.Debug|Win32.Build.0 = Debug|Win32
		{0770948E-17F8-6045-AD0B-C3F15506C7F6}.Debug|x64.ActiveCfg = Debug|x64
		{0770948E-17F8-6045-AD0B-C3F15506C7F6}.Debug|x64.Build.0 = Debug|x64
		{669DC876-526C-9C4B-9430-98DDF426CFE0}.Release|Win32.ActiveCfg = Release|Win32
		{669DC876-526C-9C4B-9430-98DDF426CFE0}.Release|Win32.Build.0 = Release|Win32
		{669DC876-526C-9C4B-9430-98DDF426CFE0}.Release|x64.ActiveCfg = Release|x64
		{669DC876-526C-9C4B-9430-98DDF426CFE0}.Release|x64.Build.0 = Release|x64
		{669DC876-526C-9C4B-9430-98DDF426CFE0}.Debug|Win32.ActiveCfg = Debug|Win32
		{669DC876-526C-9C4B-9430-98DDF426CFE0}.Debug|Win32.Build.0 = Debug|Win32
		{669DC876-526C-9C4B-9430-98DDF426CFE0}.Debug|x64.ActiveCfg = Debug|x64
		{669DC876-526C-9C4B-9430-98DDF426CFE0}.Debug|x64.Build.0 = Debug|x64
		{D0F71638-CDD6-364E-82BF-0CDF42471A3A}.Release|Win32.ActiveCfg = Release|Win32
		{D0F71638-CDD6-364E-82BF-0CDF42471A3A}.Release|Win32.Build.0 = Release|Win32
		{D0F71638-CDD6-364E-82BF-0CDF42471A3A}.Release|x64.ActiveCfg = Release|x64
		{D0F71638-CDD6-364E-82BF-0CDF42471A3A}.Release|x64.Build.0 = Release|x64
		{D0F71638-CDD6-364E-82BF-0CDF42471A3A}.Debug|Win32.ActiveCfg = Debug|Win32
		{D0F71638-CDD6-364E-82BF-0CDF42471A3A}.Debug|Win32.Build.0 = Debug|Win32
		{D0F71638-CDD6-364E-82BF-0CDF42471A3A}.Debug|x64.ActiveCfg = Debug|x64
		{D0F71638-CDD6-364E-82BF-0CDF42471A3A}.Debug|x64.Build.0 = Debug|x64
		{07060466-32A8-3B44-82EA-6F5379124BA1}.Release|Win32.ActiveCfg = Release|Win32
		{07060466-32A8-3B44-82EA-6F5379124BA1}.Release|Win32.Build.0 = Release|Win32
		{07060466-32A8-3B44-82EA-6F5379124BA1}.Release|x64.ActiveCfg = Release|x64
		{07060466-32A8-3B44-82EA-6F5379124BA1}.Release|x64.Build.0 = Release|x64
		{07060466-32A8-3B44-82EA-6F5379124BA1}.Debug|Win32.ActiveCfg = Debug|Win32
		{07060466-32A8-3B44-82EA-6F5379124BA1}.Debug|Win32.Build.0 = Debug|Win32
		{07060466-32A8-3B44-82EA-6F5379124BA1}.Debug|x64.ActiveCfg = Debug|x64
		{07060466-32A8-3B44-82EA-6F5379124BA1}.Debug|x64.Build.0 = Debug|x64
		{68BE9881-2517-0441-8083-83D119ECD457}.Release|Win32.ActiveCfg = Release|Win32
		{68BE9881-2517-0441-8083-83D119ECD457}.Release|Win32.Build.0 = Release|Win32
		{68BE9881-2517-0441-8083-83D119ECD457}.Release|x64.ActiveCfg = Release|x64
		{68BE9881-2517-0441-8083-83D119ECD457}.Release|x64.Build.0 = Release|x64
		{68BE9881-2517-0441-8083-83D119ECD457}.Debug|Win32.ActiveCfg = Debug|Win32
		{68BE9881-2517-0441-8083-83D119ECD457}.Debug|Win32.Build.0 = Debug|Win32
		{68BE9881-2517-0441-8083-83D119ECD457}.Debug|x64.ActiveCfg = Debug|x64
		{68BE9881-2517-0441-8083-83D119ECD457}.Debug|x64.Build.0 = Debug|x64
		{5BF2BC4D-1538-4949-B21C-E8209C2936A6}.Release|Win32.ActiveCfg = Release|Win32
		{5BF2BC4D-1538-4949-B21C-E8209C2936A6}.Release|Win32.Build.0 = Release|Win32
		{5BF2BC4D-1538-4949-B21C-E8209C2936A6}.Release|x64.ActiveCfg = Release|x64
		{5BF2BC4D-1538-4949-B21C-E8209C2936A6}.Release|x64.Build.0 = Release|x64
		{5BF2BC4D-1538-4949-B21C-E8209C2936A6}.Debug|Win32.ActiveCfg = Debug|Win32
		{5BF2BC4D-1538-4949-B21C-E8209C2936A6}.Debug|Win32.Build.0 = Debug|Win32
		{5BF2BC4D-1538-4949-B21C-E8209C2936A6}.Debug|x64.ActiveCfg = Debug|x64
		{5BF2BC4D-1538-4949-B21C-E8209C2936A6}.Debug|x64.Build.0 = Debug|x64
		{FE0F9496-8E8D-B243-B1AE-A4592780E5BB}.Release|Win32.ActiveCfg = Release|Win32
		{FE0F9496-8E8D-B243-B1AE-A4592780E5BB}.Release|Win32.Build.0 = Release|Win32
		{FE0F9496-8E8D-B243-B1AE-A4592780E5BB}.Release|x64.ActiveCfg = Release|x64
		{FE0F9496-8E8D-B243-B1AE-A4592780E5BB}.Release|x64.Build.0 = Release|x64
		{FE0F9496-8E8D-B243-B1AE-A4592780E5BB}.Debug|Win32.ActiveCfg = Debug|Win32
		{FE0F9496-8E8D-B243-B1AE-A4592780E5BB}.Debug|Win32.Build.0 = Debug|Win32
		{FE0F9496-8E8D-B243-B1AE-A4592780E5BB}.Debug|x64.ActiveCfg = Debug|x64
		{FE0F9496-8E8D-B243-B1AE-A4592780E5BB}.Debug|x64.Build.0 = Debug|x64
	EndGlobalSection
	GlobalSection(SolutionProperties) = preSolution
		HideSolutionNode = FALSE
	EndGlobalSection
EndGlobal
