<?xml version="1.0" encoding="utf-8"?>
<Project ToolsVersion="4.0" xmlns="http://schemas.microsoft.com/developer/msbuild/2003">
  <ItemGroup>
    <Filter Include="btgui">
      <UniqueIdentifier>{8CCC77C0-B9D3-044C-89E9-9C40C847EF49}</UniqueIdentifier>
    </Filter>
    <Filter Include="btgui\OpenGLWindow">
      <UniqueIdentifier>{73866B0F-6D32-EF42-8922-D0284E40B6F3}</UniqueIdentifier>
    </Filter>
    <Filter Include="btgui\OpenGLWindow\GlewWindows">
      <UniqueIdentifier>{78106F21-32DE-684F-B268-3A4CE3A842E3}</UniqueIdentifier>
    </Filter>
  </ItemGroup>
  <ItemGroup>
    <ClInclude Include="..\..\btgui\OpenGLWindow\b3gWindowInterface.h">
      <Filter>btgui\OpenGLWindow</Filter>
    </ClInclude>
    <ClInclude Include="..\..\btgui\OpenGLWindow\CommonGraphicsApp.h">
      <Filter>btgui\OpenGLWindow</Filter>
    </ClInclude>
    <ClInclude Include="..\..\btgui\OpenGLWindow\CommonRenderInterface.h">
      <Filter>btgui\OpenGLWindow</Filter>
    </ClInclude>
    <ClInclude Include="..\..\btgui\OpenGLWindow\fontstash.h">
      <Filter>btgui\OpenGLWindow</Filter>
    </ClInclude>
    <ClInclude Include="..\..\btgui\OpenGLWindow\GLInstanceGraphicsShape.h">
      <Filter>btgui\OpenGLWindow</Filter>
    </ClInclude>
    <ClInclude Include="..\..\btgui\OpenGLWindow\GLInstanceRendererInternalData.h">
      <Filter>btgui\OpenGLWindow</Filter>
    </ClInclude>
    <ClInclude Include="..\..\btgui\OpenGLWindow\GLInstancingRenderer.h">
      <Filter>btgui\OpenGLWindow</Filter>
    </ClInclude>
    <ClInclude Include="..\..\btgui\OpenGLWindow\GLPrimInternalData.h">
      <Filter>btgui\OpenGLWindow</Filter>
    </ClInclude>
    <ClInclude Include="..\..\btgui\OpenGLWindow\GLPrimitiveRenderer.h">
      <Filter>btgui\OpenGLWindow</Filter>
    </ClInclude>
    <ClInclude Include="..\..\btgui\OpenGLWindow\GLRenderToTexture.h">
      <Filter>btgui\OpenGLWindow</Filter>
    </ClInclude>
    <ClInclude Include="..\..\btgui\OpenGLWindow\GwenOpenGL3CoreRenderer.h">
      <Filter>btgui\OpenGLWindow</Filter>
    </ClInclude>
    <ClInclude Include="..\..\btgui\OpenGLWindow\LoadShader.h">
      <Filter>btgui\OpenGLWindow</Filter>
    </ClInclude>
    <ClInclude Include="..\..\btgui\OpenGLWindow\MacOpenGLWindow.h">
      <Filter>btgui\OpenGLWindow</Filter>
    </ClInclude>
    <ClInclude Include="..\..\btgui\OpenGLWindow\OpenGLInclude.h">
      <Filter>btgui\OpenGLWindow</Filter>
    </ClInclude>
    <ClInclude Include="..\..\btgui\OpenGLWindow\opengl_fontstashcallbacks.h">
      <Filter>btgui\OpenGLWindow</Filter>
    </ClInclude>
    <ClInclude Include="..\..\btgui\OpenGLWindow\ShapeData.h">
      <Filter>btgui\OpenGLWindow</Filter>
    </ClInclude>
    <ClInclude Include="..\..\btgui\OpenGLWindow\SimpleCamera.h">
      <Filter>btgui\OpenGLWindow</Filter>
    </ClInclude>
    <ClInclude Include="..\..\btgui\OpenGLWindow\SimpleOpenGL2App.h">
      <Filter>btgui\OpenGLWindow</Filter>
    </ClInclude>
    <ClInclude Include="..\..\btgui\OpenGLWindow\SimpleOpenGL3App.h">
      <Filter>btgui\OpenGLWindow</Filter>
    </ClInclude>
    <ClInclude Include="..\..\btgui\OpenGLWindow\stb_image_write.h">
      <Filter>btgui\OpenGLWindow</Filter>
    </ClInclude>
    <ClInclude Include="..\..\btgui\OpenGLWindow\stb_truetype.h">
      <Filter>btgui\OpenGLWindow</Filter>
    </ClInclude>
    <ClInclude Include="..\..\btgui\OpenGLWindow\TwFonts.h">
      <Filter>btgui\OpenGLWindow</Filter>
    </ClInclude>
    <ClInclude Include="..\..\btgui\OpenGLWindow\Win32InternalWindowData.h">
      <Filter>btgui\OpenGLWindow</Filter>
    </ClInclude>
    <ClInclude Include="..\..\btgui\OpenGLWindow\Win32OpenGLWindow.h">
      <Filter>btgui\OpenGLWindow</Filter>
    </ClInclude>
    <ClInclude Include="..\..\btgui\OpenGLWindow\Win32Window.h">
      <Filter>btgui\OpenGLWindow</Filter>
    </ClInclude>
    <ClInclude Include="..\..\btgui\OpenGLWindow\X11OpenGLWindow.h">
      <Filter>btgui\OpenGLWindow</Filter>
    </ClInclude>
  </ItemGroup>
  <ItemGroup>
    <ClCompile Include="..\..\btgui\OpenGLWindow\GlewWindows\glew.c">
      <Filter>btgui\OpenGLWindow\GlewWindows</Filter>
    </ClCompile>
    <ClCompile Include="..\..\btgui\OpenGLWindow\fontstash.cpp">
      <Filter>btgui\OpenGLWindow</Filter>
    </ClCompile>
    <ClCompile Include="..\..\btgui\OpenGLWindow\GLInstancingRenderer.cpp">
      <Filter>btgui\OpenGLWindow</Filter>
    </ClCompile>
    <ClCompile Include="..\..\btgui\OpenGLWindow\GLPrimitiveRenderer.cpp">
      <Filter>btgui\OpenGLWindow</Filter>
    </ClCompile>
    <ClCompile Include="..\..\btgui\OpenGLWindow\GLRenderToTexture.cpp">
      <Filter>btgui\OpenGLWindow</Filter>
    </ClCompile>
    <ClCompile Include="..\..\btgui\OpenGLWindow\LoadShader.cpp">
      <Filter>btgui\OpenGLWindow</Filter>
    </ClCompile>
    <ClCompile Include="..\..\btgui\OpenGLWindow\opengl_fontstashcallbacks.cpp">
      <Filter>btgui\OpenGLWindow</Filter>
    </ClCompile>
    <ClCompile Include="..\..\btgui\OpenGLWindow\OpenSans.cpp">
      <Filter>btgui\OpenGLWindow</Filter>
    </ClCompile>
    <ClCompile Include="..\..\btgui\OpenGLWindow\SimpleCamera.cpp">
      <Filter>btgui\OpenGLWindow</Filter>
    </ClCompile>
    <ClCompile Include="..\..\btgui\OpenGLWindow\SimpleOpenGL2App.cpp">
      <Filter>btgui\OpenGLWindow</Filter>
    </ClCompile>
    <ClCompile Include="..\..\btgui\OpenGLWindow\SimpleOpenGL3App.cpp">
      <Filter>btgui\OpenGLWindow</Filter>
    </ClCompile>
    <ClCompile Include="..\..\btgui\OpenGLWindow\TwFonts.cpp">
      <Filter>btgui\OpenGLWindow</Filter>
    </ClCompile>
    <ClCompile Include="..\..\btgui\OpenGLWindow\Win32OpenGLWindow.cpp">
      <Filter>btgui\OpenGLWindow</Filter>
    </ClCompile>
    <ClCompile Include="..\..\btgui\OpenGLWindow\Win32Window.cpp">
      <Filter>btgui\OpenGLWindow</Filter>
    </ClCompile>
  </ItemGroup>
</Project>
