<?xml version="1.0" encoding="utf-8"?>
<Project ToolsVersion="4.0" xmlns="http://schemas.microsoft.com/developer/msbuild/2003">
  <ItemGroup>
    <Filter Include="src">
      <UniqueIdentifier>{AABD070B-CDDC-734B-830A-A917DCBB6B42}</UniqueIdentifier>
    </Filter>
    <Filter Include="src\clew">
      <UniqueIdentifier>{F02B5C4A-9D2D-4C4B-87B8-D3A6A2D5EC87}</UniqueIdentifier>
    </Filter>
    <Filter Include="test">
      <UniqueIdentifier>{AC9E555B-D90B-394E-A3D2-97D605BA8A4C}</UniqueIdentifier>
    </Filter>
    <Filter Include="test\OpenCL">
      <UniqueIdentifier>{F9CEC3F4-362A-D540-922A-1A60666E3DA7}</UniqueIdentifier>
    </Filter>
    <Filter Include="test\OpenCL\RadixSortBenchmark">
      <UniqueIdentifier>{85F7940E-A060-844C-BC70-C565C06BE862}</UniqueIdentifier>
    </Filter>
    <Filter Include="src\Bullet3OpenCL">
      <UniqueIdentifier>{BF7F318C-4428-A44B-B4D7-78309F84DED8}</UniqueIdentifier>
    </Filter>
    <Filter Include="src\Bullet3OpenCL\Initialize">
      <UniqueIdentifier>{6A889A7D-6832-D04D-B7E9-B3DCA8FA1AB6}</UniqueIdentifier>
    </Filter>
    <Filter Include="src\Bullet3OpenCL\ParallelPrimitives">
      <UniqueIdentifier>{4F88041F-3558-844A-A373-0FD1193FA5FC}</UniqueIdentifier>
    </Filter>
    <Filter Include="src\Bullet3Common">
      <UniqueIdentifier>{39E77747-4560-C841-AB6E-2CFFFA495405}</UniqueIdentifier>
    </Filter>
    <Filter Include="btgui">
      <UniqueIdentifier>{BB92DCB8-D046-3A4A-A99D-77F6D9026DF7}</UniqueIdentifier>
    </Filter>
    <Filter Include="btgui\Bullet3AppSupport">
      <UniqueIdentifier>{06D0A89C-4688-3D47-B593-1ED635274ACB}</UniqueIdentifier>
    </Filter>
  </ItemGroup>
  <ItemGroup>
    <ClInclude Include="..\..\src\clew\clew.h">
      <Filter>src\clew</Filter>
    </ClInclude>
    <ClInclude Include="..\..\src\Bullet3OpenCL\Initialize\b3OpenCLUtils.h">
      <Filter>src\Bullet3OpenCL\Initialize</Filter>
    </ClInclude>
    <ClInclude Include="..\..\src\Bullet3Common\b3AlignedAllocator.h">
      <Filter>src\Bullet3Common</Filter>
    </ClInclude>
    <ClInclude Include="..\..\src\Bullet3Common\b3AlignedObjectArray.h">
      <Filter>src\Bullet3Common</Filter>
    </ClInclude>
    <ClInclude Include="..\..\src\Bullet3Common\b3Logging.h">
      <Filter>src\Bullet3Common</Filter>
    </ClInclude>
    <ClInclude Include="..\..\btgui\Bullet3AppSupport\b3Quickprof.h">
      <Filter>btgui\Bullet3AppSupport</Filter>
    </ClInclude>
    <ClInclude Include="..\..\btgui\Bullet3AppSupport\b3Clock.h">
      <Filter>btgui\Bullet3AppSupport</Filter>
    </ClInclude>
  </ItemGroup>
  <ItemGroup>
    <ClCompile Include="..\..\src\clew\clew.c">
      <Filter>src\clew</Filter>
    </ClCompile>
    <ClCompile Include="..\..\test\OpenCL\RadixSortBenchmark\main.cpp">
      <Filter>test\OpenCL\RadixSortBenchmark</Filter>
    </ClCompile>
    <ClCompile Include="..\..\src\Bullet3OpenCL\Initialize\b3OpenCLUtils.cpp">
      <Filter>src\Bullet3OpenCL\Initialize</Filter>
    </ClCompile>
    <ClCompile Include="..\..\src\Bullet3OpenCL\ParallelPrimitives\b3FillCL.cpp">
      <Filter>src\Bullet3OpenCL\ParallelPrimitives</Filter>
    </ClCompile>
    <ClCompile Include="..\..\src\Bullet3OpenCL\ParallelPrimitives\b3PrefixScanCL.cpp">
      <Filter>src\Bullet3OpenCL\ParallelPrimitives</Filter>
    </ClCompile>
    <ClCompile Include="..\..\src\Bullet3OpenCL\ParallelPrimitives\b3RadixSort32CL.cpp">
      <Filter>src\Bullet3OpenCL\ParallelPrimitives</Filter>
    </ClCompile>
    <ClCompile Include="..\..\src\Bullet3OpenCL\ParallelPrimitives\b3LauncherCL.cpp">
      <Filter>src\Bullet3OpenCL\ParallelPrimitives</Filter>
    </ClCompile>
    <ClCompile Include="..\..\src\Bullet3Common\b3AlignedAllocator.cpp">
      <Filter>src\Bullet3Common</Filter>
    </ClCompile>
    <ClCompile Include="..\..\src\Bullet3Common\b3Logging.cpp">
      <Filter>src\Bullet3Common</Filter>
    </ClCompile>
    <ClCompile Include="..\..\btgui\Bullet3AppSupport\b3Quickprof.cpp">
      <Filter>btgui\Bullet3AppSupport</Filter>
    </ClCompile>
    <ClCompile Include="..\..\btgui\Bullet3AppSupport\b3Clock.cpp">
      <Filter>btgui\Bullet3AppSupport</Filter>
    </ClCompile>
  </ItemGroup>
</Project>
